
Microsoft Visual Studio Solution File, Format Version 12.00
# Visual Studio Version 16
VisualStudioVersion = 16.0.32002.261
MinimumVisualStudioVersion = 10.0.40219.1
Project("{9A19103F-16F7-4668-BE54-9A1E7A4F7556}") = "PrintProcessService", "PrintProcessService\PrintProcessService.csproj", "{7FBCA335-E6F7-47D8-A55C-E012A0FCF988}"
EndProject
Project("{9A19103F-16F7-4668-BE54-9A1E7A4F7556}") = "PrintProcessClient", "PrintProcessClient\PrintProcessClient.csproj", "{803BBFCE-46A2-4BF6-B8CD-80EA6E0FD3B3}"
EndProject
Global
	GlobalSection(SolutionConfigurationPlatforms) = preSolution
		Debug|Any CPU = Debug|Any CPU
		Release|Any CPU = Release|Any CPU
	EndGlobalSection
	GlobalSection(ProjectConfigurationPlatforms) = postSolution
		{7FBCA335-E6F7-47D8-A55C-E012A0FCF988}.Debug|Any CPU.ActiveCfg = Debug|Any CPU
		{7FBCA335-E6F7-47D8-A55C-E012A0FCF988}.Debug|Any CPU.Build.0 = Debug|Any CPU
		{7FBCA335-E6F7-47D8-A55C-E012A0FCF988}.Release|Any CPU.ActiveCfg = Release|Any CPU
		{7FBCA335-E6F7-47D8-A55C-E012A0FCF988}.Release|Any CPU.Build.0 = Release|Any CPU
		{803BBFCE-46A2-4BF6-B8CD-80EA6E0FD3B3}.Debug|Any CPU.ActiveCfg = Debug|Any CPU
		{803BBFCE-46A2-4BF6-B8CD-80EA6E0FD3B3}.Debug|Any CPU.Build.0 = Debug|Any CPU
		{803BBFCE-46A2-4BF6-B8CD-80EA6E0FD3B3}.Release|Any CPU.ActiveCfg = Release|Any CPU
		{803BBFCE-46A2-4BF6-B8CD-80EA6E0FD3B3}.Release|Any CPU.Build.0 = Release|Any CPU
	EndGlobalSection
	GlobalSection(SolutionProperties) = preSolution
		HideSolutionNode = FALSE
	EndGlobalSection
	GlobalSection(ExtensibilityGlobals) = postSolution
		SolutionGuid = {53F92263-1352-43F5-9086-0667FF07DF29}
	EndGlobalSection
EndGlobal
